// !$*UTF8*$!
{
	archiveVersion = 1;
	classes = {
	};
	objectVersion = 55;
	objects = {

/* Begin PBXBuildFile section */
		D56661FE27DD690A008A7F6A /* MyFirstSwiftUIApp.swift in Sources */ = {isa = PBXBuildFile; fileRef = D56661FD27DD690A008A7F6A /* MyFirstSwiftUIApp.swift */; };
		D566620027DD690A008A7F6A /* ContentView.swift in Sources */ = {isa = PBXBuildFile; fileRef = D56661FF27DD690A008A7F6A /* ContentView.swift */; };
		D566620227DD690D008A7F6A /* Assets.xcassets in Resources */ = {isa = PBXBuildFile; fileRef = D566620127DD690D008A7F6A /* Assets.xcassets */; };
		D566620527DD690D008A7F6A /* Preview Assets.xcassets in Resources */ = {isa = PBXBuildFile; fileRef = D566620427DD690D008A7F6A /* Preview Assets.xcassets */; };
		D566620F27DD690E008A7F6A /* MyFirstSwiftUITests.swift in Sources */ = {isa = PBXBuildFile; fileRef = D566620E27DD690E008A7F6A /* MyFirstSwiftUITests.swift */; };
		D566621927DD690E008A7F6A /* MyFirstSwiftUIUITests.swift in Sources */ = {isa = PBXBuildFile; fileRef = D566621827DD690E008A7F6A /* MyFirstSwiftUIUITests.swift */; };
		D566621B27DD690E008A7F6A /* MyFirstSwiftUIUITestsLaunchTests.swift in Sources */ = {isa = PBXBuildFile; fileRef = D566621A27DD690E008A7F6A /* MyFirstSwiftUIUITestsLaunchTests.swift */; };
/* End PBXBuildFile section */

/* Begin PBXContainerItemProxy section */
		D566620B27DD690E008A7F6A /* PBXContainerItemProxy */ = {
			isa = PBXContainerItemProxy;
			containerPortal = D56661F227DD690A008A7F6A /* Project object */;
			proxyType = 1;
			remoteGlobalIDString = D56661F927DD690A008A7F6A;
			remoteInfo = MyFirstSwiftUI;
		};
		D566621527DD690E008A7F6A /* PBXContainerItemProxy */ = {
			isa = PBXContainerItemProxy;
			containerPortal = D56661F227DD690A008A7F6A /* Project object */;
			proxyType = 1;
			remoteGlobalIDString = D56661F927DD690A008A7F6A;
			remoteInfo = MyFirstSwiftUI;
		};
/* End PBXContainerItemProxy section */

/* Begin PBXFileReference section */
		D56661FA27DD690A008A7F6A /* MyFirstSwiftUI.app */ = {isa = PBXFileReference; explicitFileType = wrapper.application; includeInIndex = 0; path = MyFirstSwiftUI.app; sourceTree = BUILT_PRODUCTS_DIR; };
		D56661FD27DD690A008A7F6A /* MyFirstSwiftUIApp.swift */ = {isa = PBXFileReference; lastKnownFileType = sourcecode.swift; path = MyFirstSwiftUIApp.swift; sourceTree = "<group>"; };
		D56661FF27DD690A008A7F6A /* ContentView.swift */ = {isa = PBXFileReference; lastKnownFileType = sourcecode.swift; path = ContentView.swift; sourceTree = "<group>"; };
		D566620127DD690D008A7F6A /* Assets.xcassets */ = {isa = PBXFileReference; lastKnownFileType = folder.assetcatalog; path = Assets.xcassets; sourceTree = "<group>"; };
		D566620427DD690D008A7F6A /* Preview Assets.xcassets */ = {isa = PBXFileReference; lastKnownFileType = folder.assetcatalog; path = "Preview Assets.xcassets"; sourceTree = "<group>"; };
		D566620A27DD690E008A7F6A /* MyFirstSwiftUITests.xctest */ = {isa = PBXFileReference; explicitFileType = wrapper.cfbundle; includeInIndex = 0; path = MyFirstSwiftUITests.xctest; sourceTree = BUILT_PRODUCTS_DIR; };
		D566620E27DD690E008A7F6A /* MyFirstSwiftUITests.swift */ = {isa = PBXFileReference; lastKnownFileType = sourcecode.swift; path = MyFirstSwiftUITests.swift; sourceTree = "<group>"; };
		D566621427DD690E008A7F6A /* MyFirstSwiftUIUITests.xctest */ = {isa = PBXFileReference; explicitFileType = wrapper.cfbundle; includeInIndex = 0; path = MyFirstSwiftUIUITests.xctest; sourceTree = BUILT_PRODUCTS_DIR; };
		D566621827DD690E008A7F6A /* MyFirstSwiftUIUITests.swift */ = {isa = PBXFileReference; lastKnownFileType = sourcecode.swift; path = MyFirstSwiftUIUITests.swift; sourceTree = "<group>"; };
		D566621A27DD690E008A7F6A /* MyFirstSwiftUIUITestsLaunchTests.swift */ = {isa = PBXFileReference; lastKnownFileType = sourcecode.swift; path = MyFirstSwiftUIUITestsLaunchTests.swift; sourceTree = "<group>"; };
/* End PBXFileReference section */

/* Begin PBXFrameworksBuildPhase section */
		D56661F727DD690A008A7F6A /* Frameworks */ = {
			isa = PBXFrameworksBuildPhase;
			buildActionMask = 2147483647;
			files = (
			);
			runOnlyForDeploymentPostprocessing = 0;
		};
		D566620727DD690E008A7F6A /* Frameworks */ = {
			isa = PBXFrameworksBuildPhase;
			buildActionMask = 2147483647;
			files = (
			);
			runOnlyForDeploymentPostprocessing = 0;
		};
		D566621127DD690E008A7F6A /* Frameworks */ = {
			isa = PBXFrameworksBuildPhase;
			buildActionMask = 2147483647;
			files = (
			);
			runOnlyForDeploymentPostprocessing = 0;
		};
/* End PBXFrameworksBuildPhase section */

/* Begin PBXGroup section */
		D56661F127DD690A008A7F6A = {
			isa = PBXGroup;
			children = (
				D56661FC27DD690A008A7F6A /* MyFirstSwiftUI */,
				D566620D27DD690E008A7F6A /* MyFirstSwiftUITests */,
				D566621727DD690E008A7F6A /* MyFirstSwiftUIUITests */,
				D56661FB27DD690A008A7F6A /* Products */,
			);
			sourceTree = "<group>";
		};
		D56661FB27DD690A008A7F6A /* Products */ = {
			isa = PBXGroup;
			children = (
				D56661FA27DD690A008A7F6A /* MyFirstSwiftUI.app */,
				D566620A27DD690E008A7F6A /* MyFirstSwiftUITests.xctest */,
				D566621427DD690E008A7F6A /* MyFirstSwiftUIUITests.xctest */,
			);
			name = Products;
			sourceTree = "<group>";
		};
		D56661FC27DD690A008A7F6A /* MyFirstSwiftUI */ = {
			isa = PBXGroup;
			children = (
				D56661FD27DD690A008A7F6A /* MyFirstSwiftUIApp.swift */,
				D56661FF27DD690A008A7F6A /* ContentView.swift */,
				D566620127DD690D008A7F6A /* Assets.xcassets */,
				D566620327DD690D008A7F6A /* Preview Content */,
			);
			path = MyFirstSwiftUI;
			sourceTree = "<group>";
		};
		D566620327DD690D008A7F6A /* Preview Content */ = {
			isa = PBXGroup;
			children = (
				D566620427DD690D008A7F6A /* Preview Assets.xcassets */,
			);
			path = "Preview Content";
			sourceTree = "<group>";
		};
		D566620D27DD690E008A7F6A /* MyFirstSwiftUITests */ = {
			isa = PBXGroup;
			children = (
				D566620E27DD690E008A7F6A /* MyFirstSwiftUITests.swift */,
			);
			path = MyFirstSwiftUITests;
			sourceTree = "<group>";
		};
		D566621727DD690E008A7F6A /* MyFirstSwiftUIUITests */ = {
			isa = PBXGroup;
			children = (
				D566621827DD690E008A7F6A /* MyFirstSwiftUIUITests.swift */,
				D566621A27DD690E008A7F6A /* MyFirstSwiftUIUITestsLaunchTests.swift */,
			);
			path = MyFirstSwiftUIUITests;
			sourceTree = "<group>";
		};
/* End PBXGroup section */

/* Begin PBXNativeTarget section */
		D56661F927DD690A008A7F6A /* MyFirstSwiftUI */ = {
			isa = PBXNativeTarget;
			buildConfigurationList = D566621E27DD690E008A7F6A /* Build configuration list for PBXNativeTarget "MyFirstSwiftUI" */;
			buildPhases = (
				D56661F627DD690A008A7F6A /* Sources */,
				D56661F727DD690A008A7F6A /* Frameworks */,
				D56661F827DD690A008A7F6A /* Resources */,
			);
			buildRules = (
			);
			dependencies = (
			);
			name = MyFirstSwiftUI;
			productName = MyFirstSwiftUI;
			productReference = D56661FA27DD690A008A7F6A /* MyFirstSwiftUI.app */;
			productType = "com.apple.product-type.application";
		};
		D566620927DD690E008A7F6A /* MyFirstSwiftUITests */ = {
			isa = PBXNativeTarget;
			buildConfigurationList = D566622127DD690E008A7F6A /* Build configuration list for PBXNativeTarget "MyFirstSwiftUITests" */;
			buildPhases = (
				D566620627DD690E008A7F6A /* Sources */,
				D566620727DD690E008A7F6A /* Frameworks */,
				D566620827DD690E008A7F6A /* Resources */,
			);
			buildRules = (
			);
			dependencies = (
				D566620C27DD690E008A7F6A /* PBXTargetDependency */,
			);
			name = MyFirstSwiftUITests;
			productName = MyFirstSwiftUITests;
			productReference = D566620A27DD690E008A7F6A /* MyFirstSwiftUITests.xctest */;
			productType = "com.apple.product-type.bundle.unit-test";
		};
		D566621327DD690E008A7F6A /* MyFirstSwiftUIUITests */ = {
			isa = PBXNativeTarget;
			buildConfigurationList = D566622427DD690E008A7F6A /* Build configuration list for PBXNativeTarget "MyFirstSwiftUIUITests" */;
			buildPhases = (
				D566621027DD690E008A7F6A /* Sources */,
				D566621127DD690E008A7F6A /* Frameworks */,
				D566621227DD690E008A7F6A /* Resources */,
			);
			buildRules = (
			);
			dependencies = (
				D566621627DD690E008A7F6A /* PBXTargetDependency */,
			);
			name = MyFirstSwiftUIUITests;
			productName = MyFirstSwiftUIUITests;
			productReference = D566621427DD690E008A7F6A /* MyFirstSwiftUIUITests.xctest */;
			productType = "com.apple.product-type.bundle.ui-testing";
		};
/* End PBXNativeTarget section */

/* Begin PBXProject section */
		D56661F227DD690A008A7F6A /* Project object */ = {
			isa = PBXProject;
			attributes = {
				BuildIndependentTargetsInParallel = 1;
				LastSwiftUpdateCheck = 1320;
				LastUpgradeCheck = 1320;
				TargetAttributes = {
					D56661F927DD690A008A7F6A = {
						CreatedOnToolsVersion = 13.2.1;
					};
					D566620927DD690E008A7F6A = {
						CreatedOnToolsVersion = 13.2.1;
						TestTargetID = D56661F927DD690A008A7F6A;
					};
					D566621327DD690E008A7F6A = {
						CreatedOnToolsVersion = 13.2.1;
						TestTargetID = D56661F927DD690A008A7F6A;
					};
				};
			};
			buildConfigurationList = D56661F527DD690A008A7F6A /* Build configuration list for PBXProject "MyFirstSwiftUI" */;
			compatibilityVersion = "Xcode 13.0";
			developmentRegion = en;
			hasScannedForEncodings = 0;
			knownRegions = (
				en,
				Base,
			);
			mainGroup = D56661F127DD690A008A7F6A;
			productRefGroup = D56661FB27DD690A008A7F6A /* Products */;
			projectDirPath = "";
			projectRoot = "";
			targets = (
				D56661F927DD690A008A7F6A /* MyFirstSwiftUI */,
				D566620927DD690E008A7F6A /* MyFirstSwiftUITests */,
				D566621327DD690E008A7F6A /* MyFirstSwiftUIUITests */,
			);
		};
/* End PBXProject section */

/* Begin PBXResourcesBuildPhase section */
		D56661F827DD690A008A7F6A /* Resources */ = {
			isa = PBXResourcesBuildPhase;
			buildActionMask = 2147483647;
			files = (
				D566620527DD690D008A7F6A /* Preview Assets.xcassets in Resources */,
				D566620227DD690D008A7F6A /* Assets.xcassets in Resources */,
			);
			runOnlyForDeploymentPostprocessing = 0;
		};
		D566620827DD690E008A7F6A /* Resources */ = {
			isa = PBXResourcesBuildPhase;
			buildActionMask = 2147483647;
			files = (
			);
			runOnlyForDeploymentPostprocessing = 0;
		};
		D566621227DD690E008A7F6A /* Resources */ = {
			isa = PBXResourcesBuildPhase;
			buildActionMask = 2147483647;
			files = (
			);
			runOnlyForDeploymentPostprocessing = 0;
		};
/* End PBXResourcesBuildPhase section */

/* Begin PBXSourcesBuildPhase section */
		D56661F627DD690A008A7F6A /* Sources */ = {
			isa = PBXSourcesBuildPhase;
			buildActionMask = 2147483647;
			files = (
				D566620027DD690A008A7F6A /* ContentView.swift in Sources */,
				D56661FE27DD690A008A7F6A /* MyFirstSwiftUIApp.swift in Sources */,
			);
			runOnlyForDeploymentPostprocessing = 0;
		};
		D566620627DD690E008A7F6A /* Sources */ = {
			isa = PBXSourcesBuildPhase;
			buildActionMask = 2147483647;
			files = (
				D566620F27DD690E008A7F6A /* MyFirstSwiftUITests.swift in Sources */,
			);
			runOnlyForDeploymentPostprocessing = 0;
		};
		D566621027DD690E008A7F6A /* Sources */ = {
			isa = PBXSourcesBuildPhase;
			buildActionMask = 2147483647;
			files = (
				D566621927DD690E008A7F6A /* MyFirstSwiftUIUITests.swift in Sources */,
				D566621B27DD690E008A7F6A /* MyFirstSwiftUIUITestsLaunchTests.swift in Sources */,
			);
			runOnlyForDeploymentPostprocessing = 0;
		};
/* End PBXSourcesBuildPhase section */

/* Begin PBXTargetDependency section */
		D566620C27DD690E008A7F6A /* PBXTargetDependency */ = {
			isa = PBXTargetDependency;
			target = D56661F927DD690A008A7F6A /* MyFirstSwiftUI */;
			targetProxy = D566620B27DD690E008A7F6A /* PBXContainerItemProxy */;
		};
		D566621627DD690E008A7F6A /* PBXTargetDependency */ = {
			isa = PBXTargetDependency;
			target = D56661F927DD690A008A7F6A /* MyFirstSwiftUI */;
			targetProxy = D566621527DD690E008A7F6A /* PBXContainerItemProxy */;
		};
/* End PBXTargetDependency section */

/* Begin XCBuildConfiguration section */
		D566621C27DD690E008A7F6A /* Debug */ = {
			isa = XCBuildConfiguration;
			buildSettings = {
				ALWAYS_SEARCH_USER_PATHS = NO;
				CLANG_ANALYZER_NONNULL = YES;
				CLANG_ANALYZER_NUMBER_OBJECT_CONVERSION = YES_AGGRESSIVE;
				CLANG_CXX_LANGUAGE_STANDARD = "gnu++17";
				CLANG_CXX_LIBRARY = "libc++";
				CLANG_ENABLE_MODULES = YES;
				CLANG_ENABLE_OBJC_ARC = YES;
				CLANG_ENABLE_OBJC_WEAK = YES;
				CLANG_WARN_BLOCK_CAPTURE_AUTORELEASING = YES;
				CLANG_WARN_BOOL_CONVERSION = YES;
				CLANG_WARN_COMMA = YES;
				CLANG_WARN_CONSTANT_CONVERSION = YES;
				CLANG_WARN_DEPRECATED_OBJC_IMPLEMENTATIONS = YES;
				CLANG_WARN_DIRECT_OBJC_ISA_USAGE = YES_ERROR;
				CLANG_WARN_DOCUMENTATION_COMMENTS = YES;
				CLANG_WARN_EMPTY_BODY = YES;
				CLANG_WARN_ENUM_CONVERSION = YES;
				CLANG_WARN_INFINITE_RECURSION = YES;
				CLANG_WARN_INT_CONVERSION = YES;
				CLANG_WARN_NON_LITERAL_NULL_CONVERSION = YES;
				CLANG_WARN_OBJC_IMPLICIT_RETAIN_SELF = YES;
				CLANG_WARN_OBJC_LITERAL_CONVERSION = YES;
				CLANG_WARN_OBJC_ROOT_CLASS = YES_ERROR;
				CLANG_WARN_QUOTED_INCLUDE_IN_FRAMEWORK_HEADER = YES;
				CLANG_WARN_RANGE_LOOP_ANALYSIS = YES;
				CLANG_WARN_STRICT_PROTOTYPES = YES;
				CLANG_WARN_SUSPICIOUS_MOVE = YES;
				CLANG_WARN_UNGUARDED_AVAILABILITY = YES_AGGRESSIVE;
				CLANG_WARN_UNREACHABLE_CODE = YES;
				CLANG_WARN__DUPLICATE_METHOD_MATCH = YES;
				COPY_PHASE_STRIP = NO;
				DEBUG_INFORMATION_FORMAT = dwarf;
				ENABLE_STRICT_OBJC_MSGSEND = YES;
				ENABLE_TESTABILITY = YES;
				GCC_C_LANGUAGE_STANDARD = gnu11;
				GCC_DYNAMIC_NO_PIC = NO;
				GCC_NO_COMMON_BLOCKS = YES;
				GCC_OPTIMIZATION_LEVEL = 0;
				GCC_PREPROCESSOR_DEFINITIONS = (
					"DEBUG=1",
					"$(inherited)",
				);
				GCC_WARN_64_TO_32_BIT_CONVERSION = YES;
				GCC_WARN_ABOUT_RETURN_TYPE = YES_ERROR;
				GCC_WARN_UNDECLARED_SELECTOR = YES;
				GCC_WARN_UNINITIALIZED_AUTOS = YES_AGGRESSIVE;
				GCC_WARN_UNUSED_FUNCTION = YES;
				GCC_WARN_UNUSED_VARIABLE = YES;
				IPHONEOS_DEPLOYMENT_TARGET = 15.2;
				MTL_ENABLE_DEBUG_INFO = INCLUDE_SOURCE;
				MTL_FAST_MATH = YES;
				ONLY_ACTIVE_ARCH = YES;
				SDKROOT = iphoneos;
				SWIFT_ACTIVE_COMPILATION_CONDITIONS = DEBUG;
				SWIFT_OPTIMIZATION_LEVEL = "-Onone";
			};
			name = Debug;
		};
		D566621D27DD690E008A7F6A /* Release */ = {
			isa = XCBuildConfiguration;
			buildSettings = {
				ALWAYS_SEARCH_USER_PATHS = NO;
				CLANG_ANALYZER_NONNULL = YES;
				CLANG_ANALYZER_NUMBER_OBJECT_CONVERSION = YES_AGGRESSIVE;
				CLANG_CXX_LANGUAGE_STANDARD = "gnu++17";
				CLANG_CXX_LIBRARY = "libc++";
				CLANG_ENABLE_MODULES = YES;
				CLANG_ENABLE_OBJC_ARC = YES;
				CLANG_ENABLE_OBJC_WEAK = YES;
				CLANG_WARN_BLOCK_CAPTURE_AUTORELEASING = YES;
				CLANG_WARN_BOOL_CONVERSION = YES;
				CLANG_WARN_COMMA = YES;
				CLANG_WARN_CONSTANT_CONVERSION = YES;
				CLANG_WARN_DEPRECATED_OBJC_IMPLEMENTATIONS = YES;
				CLANG_WARN_DIRECT_OBJC_ISA_USAGE = YES_ERROR;
				CLANG_WARN_DOCUMENTATION_COMMENTS = YES;
				CLANG_WARN_EMPTY_BODY = YES;
				CLANG_WARN_ENUM_CONVERSION = YES;
				CLANG_WARN_INFINITE_RECURSION = YES;
				CLANG_WARN_INT_CONVERSION = YES;
				CLANG_WARN_NON_LITERAL_NULL_CONVERSION = YES;
				CLANG_WARN_OBJC_IMPLICIT_RETAIN_SELF = YES;
				CLANG_WARN_OBJC_LITERAL_CONVERSION = YES;
				CLANG_WARN_OBJC_ROOT_CLASS = YES_ERROR;
				CLANG_WARN_QUOTED_INCLUDE_IN_FRAMEWORK_HEADER = YES;
				CLANG_WARN_RANGE_LOOP_ANALYSIS = YES;
				CLANG_WARN_STRICT_PROTOTYPES = YES;
				CLANG_WARN_SUSPICIOUS_MOVE = YES;
				CLANG_WARN_UNGUARDED_AVAILABILITY = YES_AGGRESSIVE;
				CLANG_WARN_UNREACHABLE_CODE = YES;
				CLANG_WARN__DUPLICATE_METHOD_MATCH = YES;
				COPY_PHASE_STRIP = NO;
				DEBUG_INFORMATION_FORMAT = "dwarf-with-dsym";
				ENABLE_NS_ASSERTIONS = NO;
				ENABLE_STRICT_OBJC_MSGSEND = YES;
				GCC_C_LANGUAGE_STANDARD = gnu11;
				GCC_NO_COMMON_BLOCKS = YES;
				GCC_WARN_64_TO_32_BIT_CONVERSION = YES;
				GCC_WARN_ABOUT_RETURN_TYPE = YES_ERROR;
				GCC_WARN_UNDECLARED_SELECTOR = YES;
				GCC_WARN_UNINITIALIZED_AUTOS = YES_AGGRESSIVE;
				GCC_WARN_UNUSED_FUNCTION = YES;
				GCC_WARN_UNUSED_VARIABLE = YES;
				IPHONEOS_DEPLOYMENT_TARGET = 15.2;
				MTL_ENABLE_DEBUG_INFO = NO;
				MTL_FAST_MATH = YES;
				SDKROOT = iphoneos;
				SWIFT_COMPILATION_MODE = wholemodule;
				SWIFT_OPTIMIZATION_LEVEL = "-O";
				VALIDATE_PRODUCT = YES;
			};
			name = Release;
		};
		D566621F27DD690E008A7F6A /* Debug */ = {
			isa = XCBuildConfiguration;
			buildSettings = {
				ASSETCATALOG_COMPILER_APPICON_NAME = AppIcon;
				ASSETCATALOG_COMPILER_GLOBAL_ACCENT_COLOR_NAME = AccentColor;
				CODE_SIGN_STYLE = Automatic;
				CURRENT_PROJECT_VERSION = 1;
				DEVELOPMENT_ASSET_PATHS = "\"MyFirstSwiftUI/Preview Content\"";
				DEVELOPMENT_TEAM = YN8LK3VX85;
				ENABLE_PREVIEWS = YES;
				GENERATE_INFOPLIST_FILE = YES;
				INFOPLIST_KEY_UIApplicationSceneManifest_Generation = YES;
				INFOPLIST_KEY_UIApplicationSupportsIndirectInputEvents = YES;
				INFOPLIST_KEY_UILaunchScreen_Generation = YES;
				INFOPLIST_KEY_UISupportedInterfaceOrientations_iPad = "UIInterfaceOrientationPortrait UIInterfaceOrientationPortraitUpsideDown UIInterfaceOrientationLandscapeLeft UIInterfaceOrientationLandscapeRight";
				INFOPLIST_KEY_UISupportedInterfaceOrientations_iPhone = "UIInterfaceOrientationPortrait UIInterfaceOrientationLandscapeLeft UIInterfaceOrientationLandscapeRight";
				LD_RUNPATH_SEARCH_PATHS = (
					"$(inherited)",
					"@executable_path/Frameworks",
				);
				MARKETING_VERSION = 1.0;
				PRODUCT_BUNDLE_IDENTIFIER = ferruhcihan.MyFirstSwiftUI;
				PRODUCT_NAME = "$(TARGET_NAME)";
				SWIFT_EMIT_LOC_STRINGS = YES;
				SWIFT_VERSION = 5.0;
				TARGETED_DEVICE_FAMILY = "1,2";
			};
			name = Debug;
		};
		D566622027DD690E008A7F6A /* Release */ = {
			isa = XCBuildConfiguration;
			buildSettings = {
				ASSETCATALOG_COMPILER_APPICON_NAME = AppIcon;
				ASSETCATALOG_COMPILER_GLOBAL_ACCENT_COLOR_NAME = AccentColor;
				CODE_SIGN_STYLE = Automatic;
				CURRENT_PROJECT_VERSION = 1;
				DEVELOPMENT_ASSET_PATHS = "\"MyFirstSwiftUI/Preview Content\"";
				DEVELOPMENT_TEAM = YN8LK3VX85;
				ENABLE_PREVIEWS = YES;
				GENERATE_INFOPLIST_FILE = YES;
				INFOPLIST_KEY_UIApplicationSceneManifest_Generation = YES;
				INFOPLIST_KEY_UIApplicationSupportsIndirectInputEvents = YES;
				INFOPLIST_KEY_UILaunchScreen_Generation = YES;
				INFOPLIST_KEY_UISupportedInterfaceOrientations_iPad = "UIInterfaceOrientationPortrait UIInterfaceOrientationPortraitUpsideDown UIInterfaceOrientationLandscapeLeft UIInterfaceOrientationLandscapeRight";
				INFOPLIST_KEY_UISupportedInterfaceOrientations_iPhone = "UIInterfaceOrientationPortrait UIInterfaceOrientationLandscapeLeft UIInterfaceOrientationLandscapeRight";
				LD_RUNPATH_SEARCH_PATHS = (
					"$(inherited)",
					"@executable_path/Frameworks",
				);
				MARKETING_VERSION = 1.0;
				PRODUCT_BUNDLE_IDENTIFIER = ferruhcihan.MyFirstSwiftUI;
				PRODUCT_NAME = "$(TARGET_NAME)";
				SWIFT_EMIT_LOC_STRINGS = YES;
				SWIFT_VERSION = 5.0;
				TARGETED_DEVICE_FAMILY = "1,2";
			};
			name = Release;
		};
		D566622227DD690E008A7F6A /* Debug */ = {
			isa = XCBuildConfiguration;
			buildSettings = {
				ALWAYS_EMBED_SWIFT_STANDARD_LIBRARIES = YES;
				BUNDLE_LOADER = "$(TEST_HOST)";
				CODE_SIGN_STYLE = Automatic;
				CURRENT_PROJECT_VERSION = 1;
				DEVELOPMENT_TEAM = YN8LK3VX85;
				GENERATE_INFOPLIST_FILE = YES;
				IPHONEOS_DEPLOYMENT_TARGET = 15.2;
				MARKETING_VERSION = 1.0;
				PRODUCT_BUNDLE_IDENTIFIER = ferruhcihan.MyFirstSwiftUITests;
				PRODUCT_NAME = "$(TARGET_NAME)";
				SWIFT_EMIT_LOC_STRINGS = NO;
				SWIFT_VERSION = 5.0;
				TARGETED_DEVICE_FAMILY = "1,2";
				TEST_HOST = "$(BUILT_PRODUCTS_DIR)/MyFirstSwiftUI.app/MyFirstSwiftUI";
			};
			name = Debug;
		};
		D566622327DD690E008A7F6A /* Release */ = {
			isa = XCBuildConfiguration;
			buildSettings = {
				ALWAYS_EMBED_SWIFT_STANDARD_LIBRARIES = YES;
				BUNDLE_LOADER = "$(TEST_HOST)";
				CODE_SIGN_STYLE = Automatic;
				CURRENT_PROJECT_VERSION = 1;
				DEVELOPMENT_TEAM = YN8LK3VX85;
				GENERATE_INFOPLIST_FILE = YES;
				IPHONEOS_DEPLOYMENT_TARGET = 15.2;
				MARKETING_VERSION = 1.0;
				PRODUCT_BUNDLE_IDENTIFIER = ferruhcihan.MyFirstSwiftUITests;
				PRODUCT_NAME = "$(TARGET_NAME)";
				SWIFT_EMIT_LOC_STRINGS = NO;
				SWIFT_VERSION = 5.0;
				TARGETED_DEVICE_FAMILY = "1,2";
				TEST_HOST = "$(BUILT_PRODUCTS_DIR)/MyFirstSwiftUI.app/MyFirstSwiftUI";
			};
			name = Release;
		};
		D566622527DD690E008A7F6A /* Debug */ = {
			isa = XCBuildConfiguration;
			buildSettings = {
				ALWAYS_EMBED_SWIFT_STANDARD_LIBRARIES = YES;
				CODE_SIGN_STYLE = Automatic;
				CURRENT_PROJECT_VERSION = 1;
				DEVELOPMENT_TEAM = YN8LK3VX85;
				GENERATE_INFOPLIST_FILE = YES;
				MARKETING_VERSION = 1.0;
				PRODUCT_BUNDLE_IDENTIFIER = ferruhcihan.MyFirstSwiftUIUITests;
				PRODUCT_NAME = "$(TARGET_NAME)";
				SWIFT_EMIT_LOC_STRINGS = NO;
				SWIFT_VERSION = 5.0;
				TARGETED_DEVICE_FAMILY = "1,2";
				TEST_TARGET_NAME = MyFirstSwiftUI;
			};
			name = Debug;
		};
		D566622627DD690E008A7F6A /* Release */ = {
			isa = XCBuildConfiguration;
			buildSettings = {
				ALWAYS_EMBED_SWIFT_STANDARD_LIBRARIES = YES;
				CODE_SIGN_STYLE = Automatic;
				CURRENT_PROJECT_VERSION = 1;
				DEVELOPMENT_TEAM = YN8LK3VX85;
				GENERATE_INFOPLIST_FILE = YES;
				MARKETING_VERSION = 1.0;
				PRODUCT_BUNDLE_IDENTIFIER = ferruhcihan.MyFirstSwiftUIUITests;
				PRODUCT_NAME = "$(TARGET_NAME)";
				SWIFT_EMIT_LOC_STRINGS = NO;
				SWIFT_VERSION = 5.0;
				TARGETED_DEVICE_FAMILY = "1,2";
				TEST_TARGET_NAME = MyFirstSwiftUI;
			};
			name = Release;
		};
/* End XCBuildConfiguration section */

/* Begin XCConfigurationList section */
		D56661F527DD690A008A7F6A /* Build configuration list for PBXProject "MyFirstSwiftUI" */ = {
			isa = XCConfigurationList;
			buildConfigurations = (
				D566621C27DD690E008A7F6A /* Debug */,
				D566621D27DD690E008A7F6A /* Release */,
			);
			defaultConfigurationIsVisible = 0;
			defaultConfigurationName = Release;
		};
		D566621E27DD690E008A7F6A /* Build configuration list for PBXNativeTarget "MyFirstSwiftUI" */ = {
			isa = XCConfigurationList;
			buildConfigurations = (
				D566621F27DD690E008A7F6A /* Debug */,
				D566622027DD690E008A7F6A /* Release */,
			);
			defaultConfigurationIsVisible = 0;
			defaultConfigurationName = Release;
		};
		D566622127DD690E008A7F6A /* Build configuration list for PBXNativeTarget "MyFirstSwiftUITests" */ = {
			isa = XCConfigurationList;
			buildConfigurations = (
				D566622227DD690E008A7F6A /* Debug */,
				D566622327DD690E008A7F6A /* Release */,
			);
			defaultConfigurationIsVisible = 0;
			defaultConfigurationName = Release;
		};
		D566622427DD690E008A7F6A /* Build configuration list for PBXNativeTarget "MyFirstSwiftUIUITests" */ = {
			isa = XCConfigurationList;
			buildConfigurations = (
				D566622527DD690E008A7F6A /* Debug */,
				D566622627DD690E008A7F6A /* Release */,
			);
			defaultConfigurationIsVisible = 0;
			defaultConfigurationName = Release;
		};
/* End XCConfigurationList section */
	};
	rootObject = D56661F227DD690A008A7F6A /* Project object */;
}
